// !$*UTF8*$!
{
	archiveVersion = 1;
	classes = {
	};
	objectVersion = 55;
	objects = {

/* Begin PBXBuildFile section */
		15456AE027E4DACB00D4E0D0 /* ItemResultView.swift in Sources */ = {isa = PBXBuildFile; fileRef = 15456ADF27E4DACB00D4E0D0 /* ItemResultView.swift */; };
		15456AE227E4E30800D4E0D0 /* RealmHelper.swift in Sources */ = {isa = PBXBuildFile; fileRef = 15456AE127E4E30800D4E0D0 /* RealmHelper.swift */; };
		15A5CBCF27E235080069C883 /* RealmExampleApp.swift in Sources */ = {isa = PBXBuildFile; fileRef = 15A5CBCE27E235080069C883 /* RealmExampleApp.swift */; };
		15A5CBD127E235080069C883 /* ContentView.swift in Sources */ = {isa = PBXBuildFile; fileRef = 15A5CBD027E235080069C883 /* ContentView.swift */; };
		15A5CBD327E2350B0069C883 /* Assets.xcassets in Resources */ = {isa = PBXBuildFile; fileRef = 15A5CBD227E2350B0069C883 /* Assets.xcassets */; };
		15A5CBD627E2350B0069C883 /* Preview Assets.xcassets in Resources */ = {isa = PBXBuildFile; fileRef = 15A5CBD527E2350B0069C883 /* Preview Assets.xcassets */; };
		15A5CBE027E2350B0069C883 /* RealmExampleTests.swift in Sources */ = {isa = PBXBuildFile; fileRef = 15A5CBDF27E2350B0069C883 /* RealmExampleTests.swift */; };
		15A5CBEA27E2350B0069C883 /* RealmExampleUITests.swift in Sources */ = {isa = PBXBuildFile; fileRef = 15A5CBE927E2350B0069C883 /* RealmExampleUITests.swift */; };
		15A5CBEC27E2350B0069C883 /* RealmExampleUITestsLaunchTests.swift in Sources */ = {isa = PBXBuildFile; fileRef = 15A5CBEB27E2350B0069C883 /* RealmExampleUITestsLaunchTests.swift */; };
		15A5CBFB27E23A220069C883 /* Realm in Frameworks */ = {isa = PBXBuildFile; productRef = 15A5CBFA27E23A220069C883 /* Realm */; };
		15A5CBFD27E23A220069C883 /* RealmSwift in Frameworks */ = {isa = PBXBuildFile; productRef = 15A5CBFC27E23A220069C883 /* RealmSwift */; };
		15A5CC0027E2486D0069C883 /* Item.swift in Sources */ = {isa = PBXBuildFile; fileRef = 15A5CBFF27E2486D0069C883 /* Item.swift */; };
		15A5CC0227E2487A0069C883 /* Group.swift in Sources */ = {isa = PBXBuildFile; fileRef = 15A5CC0127E2487A0069C883 /* Group.swift */; };
		15A5CC0527E27E4B0069C883 /* ItemListView.swift in Sources */ = {isa = PBXBuildFile; fileRef = 15A5CC0427E27E4B0069C883 /* ItemListView.swift */; };
		15A5CC0727E27E680069C883 /* ItemDetailView.swift in Sources */ = {isa = PBXBuildFile; fileRef = 15A5CC0627E27E680069C883 /* ItemDetailView.swift */; };
/* End PBXBuildFile section */

/* Begin PBXContainerItemProxy section */
		15A5CBDC27E2350B0069C883 /* PBXContainerItemProxy */ = {
			isa = PBXContainerItemProxy;
			containerPortal = 15A5CBC327E235080069C883 /* Project object */;
			proxyType = 1;
			remoteGlobalIDString = 15A5CBCA27E235080069C883;
			remoteInfo = RealmExample;
		};
		15A5CBE627E2350B0069C883 /* PBXContainerItemProxy */ = {
			isa = PBXContainerItemProxy;
			containerPortal = 15A5CBC327E235080069C883 /* Project object */;
			proxyType = 1;
			remoteGlobalIDString = 15A5CBCA27E235080069C883;
			remoteInfo = RealmExample;
		};
/* End PBXContainerItemProxy section */

/* Begin PBXFileReference section */
		15456ADF27E4DACB00D4E0D0 /* ItemResultView.swift */ = {isa = PBXFileReference; lastKnownFileType = sourcecode.swift; path = ItemResultView.swift; sourceTree = "<group>"; };
		15456AE127E4E30800D4E0D0 /* RealmHelper.swift */ = {isa = PBXFileReference; lastKnownFileType = sourcecode.swift; path = RealmHelper.swift; sourceTree = "<group>"; };
		15A5CBCB27E235080069C883 /* RealmExample.app */ = {isa = PBXFileReference; explicitFileType = wrapper.application; includeInIndex = 0; path = RealmExample.app; sourceTree = BUILT_PRODUCTS_DIR; };
		15A5CBCE27E235080069C883 /* RealmExampleApp.swift */ = {isa = PBXFileReference; lastKnownFileType = sourcecode.swift; path = RealmExampleApp.swift; sourceTree = "<group>"; };
		15A5CBD027E235080069C883 /* ContentView.swift */ = {isa = PBXFileReference; lastKnownFileType = sourcecode.swift; path = ContentView.swift; sourceTree = "<group>"; };
		15A5CBD227E2350B0069C883 /* Assets.xcassets */ = {isa = PBXFileReference; lastKnownFileType = folder.assetcatalog; path = Assets.xcassets; sourceTree = "<group>"; };
		15A5CBD527E2350B0069C883 /* Preview Assets.xcassets */ = {isa = PBXFileReference; lastKnownFileType = folder.assetcatalog; path = "Preview Assets.xcassets"; sourceTree = "<group>"; };
		15A5CBDB27E2350B0069C883 /* RealmExampleTests.xctest */ = {isa = PBXFileReference; explicitFileType = wrapper.cfbundle; includeInIndex = 0; path = RealmExampleTests.xctest; sourceTree = BUILT_PRODUCTS_DIR; };
		15A5CBDF27E2350B0069C883 /* RealmExampleTests.swift */ = {isa = PBXFileReference; lastKnownFileType = sourcecode.swift; path = RealmExampleTests.swift; sourceTree = "<group>"; };
		15A5CBE527E2350B0069C883 /* RealmExampleUITests.xctest */ = {isa = PBXFileReference; explicitFileType = wrapper.cfbundle; includeInIndex = 0; path = RealmExampleUITests.xctest; sourceTree = BUILT_PRODUCTS_DIR; };
		15A5CBE927E2350B0069C883 /* RealmExampleUITests.swift */ = {isa = PBXFileReference; lastKnownFileType = sourcecode.swift; path = RealmExampleUITests.swift; sourceTree = "<group>"; };
		15A5CBEB27E2350B0069C883 /* RealmExampleUITestsLaunchTests.swift */ = {isa = PBXFileReference; lastKnownFileType = sourcecode.swift; path = RealmExampleUITestsLaunchTests.swift; sourceTree = "<group>"; };
		15A5CBF827E237320069C883 /* README.md */ = {isa = PBXFileReference; lastKnownFileType = net.daringfireball.markdown; path = README.md; sourceTree = "<group>"; };
		15A5CBFF27E2486D0069C883 /* Item.swift */ = {isa = PBXFileReference; lastKnownFileType = sourcecode.swift; path = Item.swift; sourceTree = "<group>"; };
		15A5CC0127E2487A0069C883 /* Group.swift */ = {isa = PBXFileReference; lastKnownFileType = sourcecode.swift; path = Group.swift; sourceTree = "<group>"; };
		15A5CC0427E27E4B0069C883 /* ItemListView.swift */ = {isa = PBXFileReference; lastKnownFileType = sourcecode.swift; path = ItemListView.swift; sourceTree = "<group>"; };
		15A5CC0627E27E680069C883 /* ItemDetailView.swift */ = {isa = PBXFileReference; lastKnownFileType = sourcecode.swift; path = ItemDetailView.swift; sourceTree = "<group>"; };
/* End PBXFileReference section */

/* Begin PBXFrameworksBuildPhase section */
		15A5CBC827E235080069C883 /* Frameworks */ = {
			isa = PBXFrameworksBuildPhase;
			buildActionMask = 2147483647;
			files = (
				15A5CBFD27E23A220069C883 /* RealmSwift in Frameworks */,
				15A5CBFB27E23A220069C883 /* Realm in Frameworks */,
			);
			runOnlyForDeploymentPostprocessing = 0;
		};
		15A5CBD827E2350B0069C883 /* Frameworks */ = {
			isa = PBXFrameworksBuildPhase;
			buildActionMask = 2147483647;
			files = (
			);
			runOnlyForDeploymentPostprocessing = 0;
		};
		15A5CBE227E2350B0069C883 /* Frameworks */ = {
			isa = PBXFrameworksBuildPhase;
			buildActionMask = 2147483647;
			files = (
			);
			runOnlyForDeploymentPostprocessing = 0;
		};
/* End PBXFrameworksBuildPhase section */

/* Begin PBXGroup section */
		15A5CBC227E235080069C883 = {
			isa = PBXGroup;
			children = (
				15A5CBF827E237320069C883 /* README.md */,
				15A5CBCD27E235080069C883 /* RealmExample */,
				15A5CBDE27E2350B0069C883 /* RealmExampleTests */,
				15A5CBE827E2350B0069C883 /* RealmExampleUITests */,
				15A5CBCC27E235080069C883 /* Products */,
			);
			sourceTree = "<group>";
		};
		15A5CBCC27E235080069C883 /* Products */ = {
			isa = PBXGroup;
			children = (
				15A5CBCB27E235080069C883 /* RealmExample.app */,
				15A5CBDB27E2350B0069C883 /* RealmExampleTests.xctest */,
				15A5CBE527E2350B0069C883 /* RealmExampleUITests.xctest */,
			);
			name = Products;
			sourceTree = "<group>";
		};
		15A5CBCD27E235080069C883 /* RealmExample */ = {
			isa = PBXGroup;
			children = (
				15A5CC0327E27E310069C883 /* Views */,
				15A5CBFE27E248560069C883 /* Model */,
				15A5CBCE27E235080069C883 /* RealmExampleApp.swift */,
				15A5CBD227E2350B0069C883 /* Assets.xcassets */,
				15A5CBD427E2350B0069C883 /* Preview Content */,
				15456AE127E4E30800D4E0D0 /* RealmHelper.swift */,
			);
			path = RealmExample;
			sourceTree = "<group>";
		};
		15A5CBD427E2350B0069C883 /* Preview Content */ = {
			isa = PBXGroup;
			children = (
				15A5CBD527E2350B0069C883 /* Preview Assets.xcassets */,
			);
			path = "Preview Content";
			sourceTree = "<group>";
		};
		15A5CBDE27E2350B0069C883 /* RealmExampleTests */ = {
			isa = PBXGroup;
			children = (
				15A5CBDF27E2350B0069C883 /* RealmExampleTests.swift */,
			);
			path = RealmExampleTests;
			sourceTree = "<group>";
		};
		15A5CBE827E2350B0069C883 /* RealmExampleUITests */ = {
			isa = PBXGroup;
			children = (
				15A5CBE927E2350B0069C883 /* RealmExampleUITests.swift */,
				15A5CBEB27E2350B0069C883 /* RealmExampleUITestsLaunchTests.swift */,
			);
			path = RealmExampleUITests;
			sourceTree = "<group>";
		};
		15A5CBFE27E248560069C883 /* Model */ = {
			isa = PBXGroup;
			children = (
				15A5CBFF27E2486D0069C883 /* Item.swift */,
				15A5CC0127E2487A0069C883 /* Group.swift */,
			);
			path = Model;
			sourceTree = "<group>";
		};
		15A5CC0327E27E310069C883 /* Views */ = {
			isa = PBXGroup;
			children = (
				15A5CBD027E235080069C883 /* ContentView.swift */,
				15A5CC0427E27E4B0069C883 /* ItemListView.swift */,
				15A5CC0627E27E680069C883 /* ItemDetailView.swift */,
				15456ADF27E4DACB00D4E0D0 /* ItemResultView.swift */,
			);
			path = Views;
			sourceTree = "<group>";
		};
/* End PBXGroup section */

/* Begin PBXNativeTarget section */
		15A5CBCA27E235080069C883 /* RealmExample */ = {
			isa = PBXNativeTarget;
			buildConfigurationList = 15A5CBEF27E2350B0069C883 /* Build configuration list for PBXNativeTarget "RealmExample" */;
			buildPhases = (
				15A5CBC727E235080069C883 /* Sources */,
				15A5CBC827E235080069C883 /* Frameworks */,
				15A5CBC927E235080069C883 /* Resources */,
			);
			buildRules = (
			);
			dependencies = (
			);
			name = RealmExample;
			packageProductDependencies = (
				15A5CBFA27E23A220069C883 /* Realm */,
				15A5CBFC27E23A220069C883 /* RealmSwift */,
			);
			productName = RealmExample;
			productReference = 15A5CBCB27E235080069C883 /* RealmExample.app */;
			productType = "com.apple.product-type.application";
		};
		15A5CBDA27E2350B0069C883 /* RealmExampleTests */ = {
			isa = PBXNativeTarget;
			buildConfigurationList = 15A5CBF227E2350B0069C883 /* Build configuration list for PBXNativeTarget "RealmExampleTests" */;
			buildPhases = (
				15A5CBD727E2350B0069C883 /* Sources */,
				15A5CBD827E2350B0069C883 /* Frameworks */,
				15A5CBD927E2350B0069C883 /* Resources */,
			);
			buildRules = (
			);
			dependencies = (
				15A5CBDD27E2350B0069C883 /* PBXTargetDependency */,
			);
			name = RealmExampleTests;
			productName = RealmExampleTests;
			productReference = 15A5CBDB27E2350B0069C883 /* RealmExampleTests.xctest */;
			productType = "com.apple.product-type.bundle.unit-test";
		};
		15A5CBE427E2350B0069C883 /* RealmExampleUITests */ = {
			isa = PBXNativeTarget;
			buildConfigurationList = 15A5CBF527E2350B0069C883 /* Build configuration list for PBXNativeTarget "RealmExampleUITests" */;
			buildPhases = (
				15A5CBE127E2350B0069C883 /* Sources */,
				15A5CBE227E2350B0069C883 /* Frameworks */,
				15A5CBE327E2350B0069C883 /* Resources */,
			);
			buildRules = (
			);
			dependencies = (
				15A5CBE727E2350B0069C883 /* PBXTargetDependency */,
			);
			name = RealmExampleUITests;
			productName = RealmExampleUITests;
			productReference = 15A5CBE527E2350B0069C883 /* RealmExampleUITests.xctest */;
			productType = "com.apple.product-type.bundle.ui-testing";
		};
/* End PBXNativeTarget section */

/* Begin PBXProject section */
		15A5CBC327E235080069C883 /* Project object */ = {
			isa = PBXProject;
			attributes = {
				BuildIndependentTargetsInParallel = 1;
				LastSwiftUpdateCheck = 1330;
				LastUpgradeCheck = 1330;
				TargetAttributes = {
					15A5CBCA27E235080069C883 = {
						CreatedOnToolsVersion = 13.3;
					};
					15A5CBDA27E2350B0069C883 = {
						CreatedOnToolsVersion = 13.3;
						TestTargetID = 15A5CBCA27E235080069C883;
					};
					15A5CBE427E2350B0069C883 = {
						CreatedOnToolsVersion = 13.3;
						TestTargetID = 15A5CBCA27E235080069C883;
					};
				};
			};
			buildConfigurationList = 15A5CBC627E235080069C883 /* Build configuration list for PBXProject "RealmExample" */;
			compatibilityVersion = "Xcode 13.0";
			developmentRegion = en;
			hasScannedForEncodings = 0;
			knownRegions = (
				en,
				Base,
			);
			mainGroup = 15A5CBC227E235080069C883;
			packageReferences = (
				15A5CBF927E23A220069C883 /* XCRemoteSwiftPackageReference "realm-swift" */,
			);
			productRefGroup = 15A5CBCC27E235080069C883 /* Products */;
			projectDirPath = "";
			projectRoot = "";
			targets = (
				15A5CBCA27E235080069C883 /* RealmExample */,
				15A5CBDA27E2350B0069C883 /* RealmExampleTests */,
				15A5CBE427E2350B0069C883 /* RealmExampleUITests */,
			);
		};
/* End PBXProject section */

/* Begin PBXResourcesBuildPhase section */
		15A5CBC927E235080069C883 /* Resources */ = {
			isa = PBXResourcesBuildPhase;
			buildActionMask = 2147483647;
			files = (
				15A5CBD627E2350B0069C883 /* Preview Assets.xcassets in Resources */,
				15A5CBD327E2350B0069C883 /* Assets.xcassets in Resources */,
			);
			runOnlyForDeploymentPostprocessing = 0;
		};
		15A5CBD927E2350B0069C883 /* Resources */ = {
			isa = PBXResourcesBuildPhase;
			buildActionMask = 2147483647;
			files = (
			);
			runOnlyForDeploymentPostprocessing = 0;
		};
		15A5CBE327E2350B0069C883 /* Resources */ = {
			isa = PBXResourcesBuildPhase;
			buildActionMask = 2147483647;
			files = (
			);
			runOnlyForDeploymentPostprocessing = 0;
		};
/* End PBXResourcesBuildPhase section */

/* Begin PBXSourcesBuildPhase section */
		15A5CBC727E235080069C883 /* Sources */ = {
			isa = PBXSourcesBuildPhase;
			buildActionMask = 2147483647;
			files = (
				15456AE027E4DACB00D4E0D0 /* ItemResultView.swift in Sources */,
				15A5CC0727E27E680069C883 /* ItemDetailView.swift in Sources */,
				15A5CC0527E27E4B0069C883 /* ItemListView.swift in Sources */,
				15A5CBD127E235080069C883 /* ContentView.swift in Sources */,
				15A5CC0027E2486D0069C883 /* Item.swift in Sources */,
				15456AE227E4E30800D4E0D0 /* RealmHelper.swift in Sources */,
				15A5CBCF27E235080069C883 /* RealmExampleApp.swift in Sources */,
				15A5CC0227E2487A0069C883 /* Group.swift in Sources */,
			);
			runOnlyForDeploymentPostprocessing = 0;
		};
		15A5CBD727E2350B0069C883 /* Sources */ = {
			isa = PBXSourcesBuildPhase;
			buildActionMask = 2147483647;
			files = (
				15A5CBE027E2350B0069C883 /* RealmExampleTests.swift in Sources */,
			);
			runOnlyForDeploymentPostprocessing = 0;
		};
		15A5CBE127E2350B0069C883 /* Sources */ = {
			isa = PBXSourcesBuildPhase;
			buildActionMask = 2147483647;
			files = (
				15A5CBEA27E2350B0069C883 /* RealmExampleUITests.swift in Sources */,
				15A5CBEC27E2350B0069C883 /* RealmExampleUITestsLaunchTests.swift in Sources */,
			);
			runOnlyForDeploymentPostprocessing = 0;
		};
/* End PBXSourcesBuildPhase section */

/* Begin PBXTargetDependency section */
		15A5CBDD27E2350B0069C883 /* PBXTargetDependency */ = {
			isa = PBXTargetDependency;
			target = 15A5CBCA27E235080069C883 /* RealmExample */;
			targetProxy = 15A5CBDC27E2350B0069C883 /* PBXContainerItemProxy */;
		};
		15A5CBE727E2350B0069C883 /* PBXTargetDependency */ = {
			isa = PBXTargetDependency;
			target = 15A5CBCA27E235080069C883 /* RealmExample */;
			targetProxy = 15A5CBE627E2350B0069C883 /* PBXContainerItemProxy */;
		};
/* End PBXTargetDependency section */

/* Begin XCBuildConfiguration section */
		15A5CBED27E2350B0069C883 /* Debug */ = {
			isa = XCBuildConfiguration;
			buildSettings = {
				ALWAYS_SEARCH_USER_PATHS = NO;
				CLANG_ANALYZER_NONNULL = YES;
				CLANG_ANALYZER_NUMBER_OBJECT_CONVERSION = YES_AGGRESSIVE;
				CLANG_CXX_LANGUAGE_STANDARD = "gnu++17";
				CLANG_ENABLE_MODULES = YES;
				CLANG_ENABLE_OBJC_ARC = YES;
				CLANG_ENABLE_OBJC_WEAK = YES;
				CLANG_WARN_BLOCK_CAPTURE_AUTORELEASING = YES;
				CLANG_WARN_BOOL_CONVERSION = YES;
				CLANG_WARN_COMMA = YES;
				CLANG_WARN_CONSTANT_CONVERSION = YES;
				CLANG_WARN_DEPRECATED_OBJC_IMPLEMENTATIONS = YES;
				CLANG_WARN_DIRECT_OBJC_ISA_USAGE = YES_ERROR;
				CLANG_WARN_DOCUMENTATION_COMMENTS = YES;
				CLANG_WARN_EMPTY_BODY = YES;
				CLANG_WARN_ENUM_CONVERSION = YES;
				CLANG_WARN_INFINITE_RECURSION = YES;
				CLANG_WARN_INT_CONVERSION = YES;
				CLANG_WARN_NON_LITERAL_NULL_CONVERSION = YES;
				CLANG_WARN_OBJC_IMPLICIT_RETAIN_SELF = YES;
				CLANG_WARN_OBJC_LITERAL_CONVERSION = YES;
				CLANG_WARN_OBJC_ROOT_CLASS = YES_ERROR;
				CLANG_WARN_QUOTED_INCLUDE_IN_FRAMEWORK_HEADER = YES;
				CLANG_WARN_RANGE_LOOP_ANALYSIS = YES;
				CLANG_WARN_STRICT_PROTOTYPES = YES;
				CLANG_WARN_SUSPICIOUS_MOVE = YES;
				CLANG_WARN_UNGUARDED_AVAILABILITY = YES_AGGRESSIVE;
				CLANG_WARN_UNREACHABLE_CODE = YES;
				CLANG_WARN__DUPLICATE_METHOD_MATCH = YES;
				COPY_PHASE_STRIP = NO;
				DEBUG_INFORMATION_FORMAT = dwarf;
				ENABLE_STRICT_OBJC_MSGSEND = YES;
				ENABLE_TESTABILITY = YES;
				GCC_C_LANGUAGE_STANDARD = gnu11;
				GCC_DYNAMIC_NO_PIC = NO;
				GCC_NO_COMMON_BLOCKS = YES;
				GCC_OPTIMIZATION_LEVEL = 0;
				GCC_PREPROCESSOR_DEFINITIONS = (
					"DEBUG=1",
					"$(inherited)",
				);
				GCC_WARN_64_TO_32_BIT_CONVERSION = YES;
				GCC_WARN_ABOUT_RETURN_TYPE = YES_ERROR;
				GCC_WARN_UNDECLARED_SELECTOR = YES;
				GCC_WARN_UNINITIALIZED_AUTOS = YES_AGGRESSIVE;
				GCC_WARN_UNUSED_FUNCTION = YES;
				GCC_WARN_UNUSED_VARIABLE = YES;
				IPHONEOS_DEPLOYMENT_TARGET = 15.4;
				MTL_ENABLE_DEBUG_INFO = INCLUDE_SOURCE;
				MTL_FAST_MATH = YES;
				ONLY_ACTIVE_ARCH = YES;
				SDKROOT = iphoneos;
				SWIFT_ACTIVE_COMPILATION_CONDITIONS = DEBUG;
				SWIFT_OPTIMIZATION_LEVEL = "-Onone";
			};
			name = Debug;
		};
		15A5CBEE27E2350B0069C883 /* Release */ = {
			isa = XCBuildConfiguration;
			buildSettings = {
				ALWAYS_SEARCH_USER_PATHS = NO;
				CLANG_ANALYZER_NONNULL = YES;
				CLANG_ANALYZER_NUMBER_OBJECT_CONVERSION = YES_AGGRESSIVE;
				CLANG_CXX_LANGUAGE_STANDARD = "gnu++17";
				CLANG_ENABLE_MODULES = YES;
				CLANG_ENABLE_OBJC_ARC = YES;
				CLANG_ENABLE_OBJC_WEAK = YES;
				CLANG_WARN_BLOCK_CAPTURE_AUTORELEASING = YES;
				CLANG_WARN_BOOL_CONVERSION = YES;
				CLANG_WARN_COMMA = YES;
				CLANG_WARN_CONSTANT_CONVERSION = YES;
				CLANG_WARN_DEPRECATED_OBJC_IMPLEMENTATIONS = YES;
				CLANG_WARN_DIRECT_OBJC_ISA_USAGE = YES_ERROR;
				CLANG_WARN_DOCUMENTATION_COMMENTS = YES;
				CLANG_WARN_EMPTY_BODY = YES;
				CLANG_WARN_ENUM_CONVERSION = YES;
				CLANG_WARN_INFINITE_RECURSION = YES;
				CLANG_WARN_INT_CONVERSION = YES;
				CLANG_WARN_NON_LITERAL_NULL_CONVERSION = YES;
				CLANG_WARN_OBJC_IMPLICIT_RETAIN_SELF = YES;
				CLANG_WARN_OBJC_LITERAL_CONVERSION = YES;
				CLANG_WARN_OBJC_ROOT_CLASS = YES_ERROR;
				CLANG_WARN_QUOTED_INCLUDE_IN_FRAMEWORK_HEADER = YES;
				CLANG_WARN_RANGE_LOOP_ANALYSIS = YES;
				CLANG_WARN_STRICT_PROTOTYPES = YES;
				CLANG_WARN_SUSPICIOUS_MOVE = YES;
				CLANG_WARN_UNGUARDED_AVAILABILITY = YES_AGGRESSIVE;
				CLANG_WARN_UNREACHABLE_CODE = YES;
				CLANG_WARN__DUPLICATE_METHOD_MATCH = YES;
				COPY_PHASE_STRIP = NO;
				DEBUG_INFORMATION_FORMAT = "dwarf-with-dsym";
				ENABLE_NS_ASSERTIONS = NO;
				ENABLE_STRICT_OBJC_MSGSEND = YES;
				GCC_C_LANGUAGE_STANDARD = gnu11;
				GCC_NO_COMMON_BLOCKS = YES;
				GCC_WARN_64_TO_32_BIT_CONVERSION = YES;
				GCC_WARN_ABOUT_RETURN_TYPE = YES_ERROR;
				GCC_WARN_UNDECLARED_SELECTOR = YES;
				GCC_WARN_UNINITIALIZED_AUTOS = YES_AGGRESSIVE;
				GCC_WARN_UNUSED_FUNCTION = YES;
				GCC_WARN_UNUSED_VARIABLE = YES;
				IPHONEOS_DEPLOYMENT_TARGET = 15.4;
				MTL_ENABLE_DEBUG_INFO = NO;
				MTL_FAST_MATH = YES;
				SDKROOT = iphoneos;
				SWIFT_COMPILATION_MODE = wholemodule;
				SWIFT_OPTIMIZATION_LEVEL = "-O";
				VALIDATE_PRODUCT = YES;
			};
			name = Release;
		};
		15A5CBF027E2350B0069C883 /* Debug */ = {
			isa = XCBuildConfiguration;
			buildSettings = {
				ASSETCATALOG_COMPILER_APPICON_NAME = AppIcon;
				ASSETCATALOG_COMPILER_GLOBAL_ACCENT_COLOR_NAME = AccentColor;
				CODE_SIGN_STYLE = Automatic;
				CURRENT_PROJECT_VERSION = 1;
				DEVELOPMENT_ASSET_PATHS = "\"RealmExample/Preview Content\"";
				DEVELOPMENT_TEAM = XLY4UW5GHZ;
				ENABLE_PREVIEWS = YES;
				GENERATE_INFOPLIST_FILE = YES;
				INFOPLIST_KEY_UIApplicationSceneManifest_Generation = YES;
				INFOPLIST_KEY_UIApplicationSupportsIndirectInputEvents = YES;
				INFOPLIST_KEY_UILaunchScreen_Generation = YES;
				INFOPLIST_KEY_UISupportedInterfaceOrientations = UIInterfaceOrientationPortrait;
				INFOPLIST_KEY_UISupportedInterfaceOrientations_iPad = "UIInterfaceOrientationPortrait UIInterfaceOrientationPortraitUpsideDown UIInterfaceOrientationLandscapeLeft UIInterfaceOrientationLandscapeRight";
				INFOPLIST_KEY_UISupportedInterfaceOrientations_iPhone = "UIInterfaceOrientationPortrait UIInterfaceOrientationLandscapeLeft UIInterfaceOrientationLandscapeRight";
				LD_RUNPATH_SEARCH_PATHS = (
					"$(inherited)",
					"@executable_path/Frameworks",
				);
				MARKETING_VERSION = 0.1.0;
				PRODUCT_BUNDLE_IDENTIFIER = dev.simonberner.RealmExample;
				PRODUCT_NAME = "$(TARGET_NAME)";
				SWIFT_EMIT_LOC_STRINGS = YES;
				SWIFT_VERSION = 5.0;
				TARGETED_DEVICE_FAMILY = 1;
			};
			name = Debug;
		};
		15A5CBF127E2350B0069C883 /* Release */ = {
			isa = XCBuildConfiguration;
			buildSettings = {
				ASSETCATALOG_COMPILER_APPICON_NAME = AppIcon;
				ASSETCATALOG_COMPILER_GLOBAL_ACCENT_COLOR_NAME = AccentColor;
				CODE_SIGN_STYLE = Automatic;
				CURRENT_PROJECT_VERSION = 1;
				DEVELOPMENT_ASSET_PATHS = "\"RealmExample/Preview Content\"";
				DEVELOPMENT_TEAM = XLY4UW5GHZ;
				ENABLE_PREVIEWS = YES;
				GENERATE_INFOPLIST_FILE = YES;
				INFOPLIST_KEY_UIApplicationSceneManifest_Generation = YES;
				INFOPLIST_KEY_UIApplicationSupportsIndirectInputEvents = YES;
				INFOPLIST_KEY_UILaunchScreen_Generation = YES;
				INFOPLIST_KEY_UISupportedInterfaceOrientations = UIInterfaceOrientationPortrait;
				INFOPLIST_KEY_UISupportedInterfaceOrientations_iPad = "UIInterfaceOrientationPortrait UIInterfaceOrientationPortraitUpsideDown UIInterfaceOrientationLandscapeLeft UIInterfaceOrientationLandscapeRight";
				INFOPLIST_KEY_UISupportedInterfaceOrientations_iPhone = "UIInterfaceOrientationPortrait UIInterfaceOrientationLandscapeLeft UIInterfaceOrientationLandscapeRight";
				LD_RUNPATH_SEARCH_PATHS = (
					"$(inherited)",
					"@executable_path/Frameworks",
				);
				MARKETING_VERSION = 0.1.0;
				PRODUCT_BUNDLE_IDENTIFIER = dev.simonberner.RealmExample;
				PRODUCT_NAME = "$(TARGET_NAME)";
				SWIFT_EMIT_LOC_STRINGS = YES;
				SWIFT_VERSION = 5.0;
				TARGETED_DEVICE_FAMILY = 1;
			};
			name = Release;
		};
		15A5CBF327E2350B0069C883 /* Debug */ = {
			isa = XCBuildConfiguration;
			buildSettings = {
				ALWAYS_EMBED_SWIFT_STANDARD_LIBRARIES = YES;
				BUNDLE_LOADER = "$(TEST_HOST)";
				CODE_SIGN_STYLE = Automatic;
				CURRENT_PROJECT_VERSION = 1;
				DEVELOPMENT_TEAM = XLY4UW5GHZ;
				GENERATE_INFOPLIST_FILE = YES;
				IPHONEOS_DEPLOYMENT_TARGET = 15.4;
				MARKETING_VERSION = 1.0;
				PRODUCT_BUNDLE_IDENTIFIER = dev.simonberner.RealmExampleTests;
				PRODUCT_NAME = "$(TARGET_NAME)";
				SWIFT_EMIT_LOC_STRINGS = NO;
				SWIFT_VERSION = 5.0;
				TARGETED_DEVICE_FAMILY = "1,2";
				TEST_HOST = "$(BUILT_PRODUCTS_DIR)/RealmExample.app/RealmExample";
			};
			name = Debug;
		};
		15A5CBF427E2350B0069C883 /* Release */ = {
			isa = XCBuildConfiguration;
			buildSettings = {
				ALWAYS_EMBED_SWIFT_STANDARD_LIBRARIES = YES;
				BUNDLE_LOADER = "$(TEST_HOST)";
				CODE_SIGN_STYLE = Automatic;
				CURRENT_PROJECT_VERSION = 1;
				DEVELOPMENT_TEAM = XLY4UW5GHZ;
				GENERATE_INFOPLIST_FILE = YES;
				IPHONEOS_DEPLOYMENT_TARGET = 15.4;
				MARKETING_VERSION = 1.0;
				PRODUCT_BUNDLE_IDENTIFIER = dev.simonberner.RealmExampleTests;
				PRODUCT_NAME = "$(TARGET_NAME)";
				SWIFT_EMIT_LOC_STRINGS = NO;
				SWIFT_VERSION = 5.0;
				TARGETED_DEVICE_FAMILY = "1,2";
				TEST_HOST = "$(BUILT_PRODUCTS_DIR)/RealmExample.app/RealmExample";
			};
			name = Release;
		};
		15A5CBF627E2350B0069C883 /* Debug */ = {
			isa = XCBuildConfiguration;
			buildSettings = {
				ALWAYS_EMBED_SWIFT_STANDARD_LIBRARIES = YES;
				CODE_SIGN_STYLE = Automatic;
				CURRENT_PROJECT_VERSION = 1;
				DEVELOPMENT_TEAM = XLY4UW5GHZ;
				GENERATE_INFOPLIST_FILE = YES;
				MARKETING_VERSION = 1.0;
				PRODUCT_BUNDLE_IDENTIFIER = dev.simonberner.RealmExampleUITests;
				PRODUCT_NAME = "$(TARGET_NAME)";
				SWIFT_EMIT_LOC_STRINGS = NO;
				SWIFT_VERSION = 5.0;
				TARGETED_DEVICE_FAMILY = "1,2";
				TEST_TARGET_NAME = RealmExample;
			};
			name = Debug;
		};
		15A5CBF727E2350B0069C883 /* Release */ = {
			isa = XCBuildConfiguration;
			buildSettings = {
				ALWAYS_EMBED_SWIFT_STANDARD_LIBRARIES = YES;
				CODE_SIGN_STYLE = Automatic;
				CURRENT_PROJECT_VERSION = 1;
				DEVELOPMENT_TEAM = XLY4UW5GHZ;
				GENERATE_INFOPLIST_FILE = YES;
				MARKETING_VERSION = 1.0;
				PRODUCT_BUNDLE_IDENTIFIER = dev.simonberner.RealmExampleUITests;
				PRODUCT_NAME = "$(TARGET_NAME)";
				SWIFT_EMIT_LOC_STRINGS = NO;
				SWIFT_VERSION = 5.0;
				TARGETED_DEVICE_FAMILY = "1,2";
				TEST_TARGET_NAME = RealmExample;
			};
			name = Release;
		};
/* End XCBuildConfiguration section */

/* Begin XCConfigurationList section */
		15A5CBC627E235080069C883 /* Build configuration list for PBXProject "RealmExample" */ = {
			isa = XCConfigurationList;
			buildConfigurations = (
				15A5CBED27E2350B0069C883 /* Debug */,
				15A5CBEE27E2350B0069C883 /* Release */,
			);
			defaultConfigurationIsVisible = 0;
			defaultConfigurationName = Release;
		};
		15A5CBEF27E2350B0069C883 /* Build configuration list for PBXNativeTarget "RealmExample" */ = {
			isa = XCConfigurationList;
			buildConfigurations = (
				15A5CBF027E2350B0069C883 /* Debug */,
				15A5CBF127E2350B0069C883 /* Release */,
			);
			defaultConfigurationIsVisible = 0;
			defaultConfigurationName = Release;
		};
		15A5CBF227E2350B0069C883 /* Build configuration list for PBXNativeTarget "RealmExampleTests" */ = {
			isa = XCConfigurationList;
			buildConfigurations = (
				15A5CBF327E2350B0069C883 /* Debug */,
				15A5CBF427E2350B0069C883 /* Release */,
			);
			defaultConfigurationIsVisible = 0;
			defaultConfigurationName = Release;
		};
		15A5CBF527E2350B0069C883 /* Build configuration list for PBXNativeTarget "RealmExampleUITests" */ = {
			isa = XCConfigurationList;
			buildConfigurations = (
				15A5CBF627E2350B0069C883 /* Debug */,
				15A5CBF727E2350B0069C883 /* Release */,
			);
			defaultConfigurationIsVisible = 0;
			defaultConfigurationName = Release;
		};
/* End XCConfigurationList section */

/* Begin XCRemoteSwiftPackageReference section */
		15A5CBF927E23A220069C883 /* XCRemoteSwiftPackageReference "realm-swift" */ = {
			isa = XCRemoteSwiftPackageReference;
			repositoryURL = "https://github.com/realm/realm-swift.git";
			requirement = {
				branch = master;
				kind = branch;
			};
		};
/* End XCRemoteSwiftPackageReference section */

/* Begin XCSwiftPackageProductDependency section */
		15A5CBFA27E23A220069C883 /* Realm */ = {
			isa = XCSwiftPackageProductDependency;
			package = 15A5CBF927E23A220069C883 /* XCRemoteSwiftPackageReference "realm-swift" */;
			productName = Realm;
		};
		15A5CBFC27E23A220069C883 /* RealmSwift */ = {
			isa = XCSwiftPackageProductDependency;
			package = 15A5CBF927E23A220069C883 /* XCRemoteSwiftPackageReference "realm-swift" */;
			productName = RealmSwift;
		};
/* End XCSwiftPackageProductDependency section */
	};
	rootObject = 15A5CBC327E235080069C883 /* Project object */;
}
